
Microsoft Visual Studio Solution File, Format Version 12.00
# Visual Studio Version 17
VisualStudioVersion = 17.5.33414.496
MinimumVisualStudioVersion = 10.0.40219.1
Project("{FAE04EC0-301F-11D3-BF4B-00C04F79EFBC}") = "Calculo_Fatorial", "Calculo_Fatorial\Calculo_Fatorial.csproj", "{BA3FA811-BA50-4D2D-A2B2-D756F3E30129}"
EndProject
Global
	GlobalSection(SolutionConfigurationPlatforms) = preSolution
		Debug|Any CPU = Debug|Any CPU
		Release|Any CPU = Release|Any CPU
	EndGlobalSection
	GlobalSection(ProjectConfigurationPlatforms) = postSolution
		{BA3FA811-BA50-4D2D-A2B2-D756F3E30129}.Debug|Any CPU.ActiveCfg = Debug|Any CPU
		{BA3FA811-BA50-4D2D-A2B2-D756F3E30129}.Debug|Any CPU.Build.0 = Debug|Any CPU
		{BA3FA811-BA50-4D2D-A2B2-D756F3E30129}.Release|Any CPU.ActiveCfg = Release|Any CPU
		{BA3FA811-BA50-4D2D-A2B2-D756F3E30129}.Release|Any CPU.Build.0 = Release|Any CPU
	EndGlobalSection
	GlobalSection(SolutionProperties) = preSolution
		HideSolutionNode = FALSE
	EndGlobalSection
	GlobalSection(ExtensibilityGlobals) = postSolution
		SolutionGuid = {7377F412-E2ED-4E39-B6C0-D96F12785442}
	EndGlobalSection
EndGlobal
